// !$*UTF8*$!
{
	archiveVersion = 1;
	classes = {
	};
	objectVersion = 50;
	objects = {

/* Begin PBXBuildFile section */
		EAE4C98A21D0161B009C200A /* AppDelegate.swift in Sources */ = {isa = PBXBuildFile; fileRef = EAE4C98921D0161B009C200A /* AppDelegate.swift */; };
		EAE4C98C21D0161B009C200A /* ViewController.swift in Sources */ = {isa = PBXBuildFile; fileRef = EAE4C98B21D0161B009C200A /* ViewController.swift */; };
		EAE4C98E21D01622009C200A /* Assets.xcassets in Resources */ = {isa = PBXBuildFile; fileRef = EAE4C98D21D01622009C200A /* Assets.xcassets */; };
		EAE4C99121D01622009C200A /* Main.storyboard in Resources */ = {isa = PBXBuildFile; fileRef = EAE4C98F21D01622009C200A /* Main.storyboard */; };
		EAE4C99A21D01688009C200A /* BluetoothHelper.swift in Sources */ = {isa = PBXBuildFile; fileRef = EAE4C99921D01688009C200A /* BluetoothHelper.swift */; };
		EAE4C99E21D016B0009C200A /* CoreBluetooth.framework in Frameworks */ = {isa = PBXBuildFile; fileRef = EAE4C99D21D016B0009C200A /* CoreBluetooth.framework */; };
		EAE4C9A021D01FA3009C200A /* BluetoothDevice.swift in Sources */ = {isa = PBXBuildFile; fileRef = EAE4C99F21D01FA3009C200A /* BluetoothDevice.swift */; };
/* End PBXBuildFile section */

/* Begin PBXFileReference section */
		EAE4C98621D0161B009C200A /* SmoothQ.app */ = {isa = PBXFileReference; explicitFileType = wrapper.application; includeInIndex = 0; path = SmoothQ.app; sourceTree = BUILT_PRODUCTS_DIR; };
		EAE4C98921D0161B009C200A /* AppDelegate.swift */ = {isa = PBXFileReference; lastKnownFileType = sourcecode.swift; path = AppDelegate.swift; sourceTree = "<group>"; };
		EAE4C98B21D0161B009C200A /* ViewController.swift */ = {isa = PBXFileReference; lastKnownFileType = sourcecode.swift; path = ViewController.swift; sourceTree = "<group>"; };
		EAE4C98D21D01622009C200A /* Assets.xcassets */ = {isa = PBXFileReference; lastKnownFileType = folder.assetcatalog; path = Assets.xcassets; sourceTree = "<group>"; };
		EAE4C99021D01622009C200A /* Base */ = {isa = PBXFileReference; lastKnownFileType = file.storyboard; name = Base; path = Base.lproj/Main.storyboard; sourceTree = "<group>"; };
		EAE4C99221D01622009C200A /* Info.plist */ = {isa = PBXFileReference; lastKnownFileType = text.plist.xml; path = Info.plist; sourceTree = "<group>"; };
		EAE4C99321D01622009C200A /* SmoothQ.entitlements */ = {isa = PBXFileReference; lastKnownFileType = text.plist.entitlements; path = SmoothQ.entitlements; sourceTree = "<group>"; };
		EAE4C99921D01688009C200A /* BluetoothHelper.swift */ = {isa = PBXFileReference; lastKnownFileType = sourcecode.swift; path = BluetoothHelper.swift; sourceTree = "<group>"; };
		EAE4C99D21D016B0009C200A /* CoreBluetooth.framework */ = {isa = PBXFileReference; lastKnownFileType = wrapper.framework; name = CoreBluetooth.framework; path = System/Library/Frameworks/CoreBluetooth.framework; sourceTree = SDKROOT; };
		EAE4C99F21D01FA3009C200A /* BluetoothDevice.swift */ = {isa = PBXFileReference; lastKnownFileType = sourcecode.swift; name = BluetoothDevice.swift; path = SmoothQ/Bluetooth/BluetoothDevice.swift; sourceTree = SOURCE_ROOT; };
/* End PBXFileReference section */

/* Begin PBXFrameworksBuildPhase section */
		EAE4C98321D0161B009C200A /* Frameworks */ = {
			isa = PBXFrameworksBuildPhase;
			buildActionMask = 2147483647;
			files = (
				EAE4C99E21D016B0009C200A /* CoreBluetooth.framework in Frameworks */,
			);
			runOnlyForDeploymentPostprocessing = 0;
		};
/* End PBXFrameworksBuildPhase section */

/* Begin PBXGroup section */
		EAE4C97D21D0161B009C200A = {
			isa = PBXGroup;
			children = (
				EAE4C98821D0161B009C200A /* SmoothQ */,
				EAE4C98721D0161B009C200A /* Products */,
				EAE4C99C21D016B0009C200A /* Frameworks */,
			);
			sourceTree = "<group>";
		};
		EAE4C98721D0161B009C200A /* Products */ = {
			isa = PBXGroup;
			children = (
				EAE4C98621D0161B009C200A /* SmoothQ.app */,
			);
			name = Products;
			sourceTree = "<group>";
		};
		EAE4C98821D0161B009C200A /* SmoothQ */ = {
			isa = PBXGroup;
			children = (
				EAE4C98921D0161B009C200A /* AppDelegate.swift */,
				EAE4C98B21D0161B009C200A /* ViewController.swift */,
				EAE4C98D21D01622009C200A /* Assets.xcassets */,
				EAE4C98F21D01622009C200A /* Main.storyboard */,
				EAE4C99221D01622009C200A /* Info.plist */,
				EAE4C99321D01622009C200A /* SmoothQ.entitlements */,
				EAE4C99B21D01692009C200A /* Bluetooth */,
			);
			path = SmoothQ;
			sourceTree = "<group>";
		};
		EAE4C99B21D01692009C200A /* Bluetooth */ = {
			isa = PBXGroup;
			children = (
				EAE4C99921D01688009C200A /* BluetoothHelper.swift */,
				EAE4C99F21D01FA3009C200A /* BluetoothDevice.swift */,
			);
			name = Bluetooth;
			path = "New Group";
			sourceTree = "<group>";
		};
		EAE4C99C21D016B0009C200A /* Frameworks */ = {
			isa = PBXGroup;
			children = (
				EAE4C99D21D016B0009C200A /* CoreBluetooth.framework */,
			);
			name = Frameworks;
			sourceTree = "<group>";
		};
/* End PBXGroup section */

/* Begin PBXNativeTarget section */
		EAE4C98521D0161B009C200A /* SmoothQ */ = {
			isa = PBXNativeTarget;
			buildConfigurationList = EAE4C99621D01622009C200A /* Build configuration list for PBXNativeTarget "SmoothQ" */;
			buildPhases = (
				EAE4C98221D0161B009C200A /* Sources */,
				EAE4C98321D0161B009C200A /* Frameworks */,
				EAE4C98421D0161B009C200A /* Resources */,
			);
			buildRules = (
			);
			dependencies = (
			);
			name = SmoothQ;
			productName = SmoothQ;
			productReference = EAE4C98621D0161B009C200A /* SmoothQ.app */;
			productType = "com.apple.product-type.application";
		};
/* End PBXNativeTarget section */

/* Begin PBXProject section */
		EAE4C97E21D0161B009C200A /* Project object */ = {
			isa = PBXProject;
			attributes = {
				LastSwiftUpdateCheck = 1010;
				LastUpgradeCheck = 1010;
				ORGANIZATIONNAME = "Jesus Lopez Garcia";
				TargetAttributes = {
					EAE4C98521D0161B009C200A = {
						CreatedOnToolsVersion = 10.1;
						SystemCapabilities = {
							com.apple.Sandbox = {
								enabled = 1;
							};
						};
					};
				};
			};
			buildConfigurationList = EAE4C98121D0161B009C200A /* Build configuration list for PBXProject "SmoothQ" */;
			compatibilityVersion = "Xcode 9.3";
			developmentRegion = en;
			hasScannedForEncodings = 0;
			knownRegions = (
				en,
				Base,
			);
			mainGroup = EAE4C97D21D0161B009C200A;
			productRefGroup = EAE4C98721D0161B009C200A /* Products */;
			projectDirPath = "";
			projectRoot = "";
			targets = (
				EAE4C98521D0161B009C200A /* SmoothQ */,
			);
		};
/* End PBXProject section */

/* Begin PBXResourcesBuildPhase section */
		EAE4C98421D0161B009C200A /* Resources */ = {
			isa = PBXResourcesBuildPhase;
			buildActionMask = 2147483647;
			files = (
				EAE4C98E21D01622009C200A /* Assets.xcassets in Resources */,
				EAE4C99121D01622009C200A /* Main.storyboard in Resources */,
			);
			runOnlyForDeploymentPostprocessing = 0;
		};
/* End PBXResourcesBuildPhase section */

/* Begin PBXSourcesBuildPhase section */
		EAE4C98221D0161B009C200A /* Sources */ = {
			isa = PBXSourcesBuildPhase;
			buildActionMask = 2147483647;
			files = (
				EAE4C98C21D0161B009C200A /* ViewController.swift in Sources */,
				EAE4C98A21D0161B009C200A /* AppDelegate.swift in Sources */,
				EAE4C9A021D01FA3009C200A /* BluetoothDevice.swift in Sources */,
				EAE4C99A21D01688009C200A /* BluetoothHelper.swift in Sources */,
			);
			runOnlyForDeploymentPostprocessing = 0;
		};
/* End PBXSourcesBuildPhase section */

/* Begin PBXVariantGroup section */
		EAE4C98F21D01622009C200A /* Main.storyboard */ = {
			isa = PBXVariantGroup;
			children = (
				EAE4C99021D01622009C200A /* Base */,
			);
			name = Main.storyboard;
			sourceTree = "<group>";
		};
/* End PBXVariantGroup section */

/* Begin XCBuildConfiguration section */
		EAE4C99421D01622009C200A /* Debug */ = {
			isa = XCBuildConfiguration;
			buildSettings = {
				ALWAYS_SEARCH_USER_PATHS = NO;
				CLANG_ANALYZER_NONNULL = YES;
				CLANG_ANALYZER_NUMBER_OBJECT_CONVERSION = YES_AGGRESSIVE;
				CLANG_CXX_LANGUAGE_STANDARD = "gnu++14";
				CLANG_CXX_LIBRARY = "libc++";
				CLANG_ENABLE_MODULES = YES;
				CLANG_ENABLE_OBJC_ARC = YES;
				CLANG_ENABLE_OBJC_WEAK = YES;
				CLANG_WARN_BLOCK_CAPTURE_AUTORELEASING = YES;
				CLANG_WARN_BOOL_CONVERSION = YES;
				CLANG_WARN_COMMA = YES;
				CLANG_WARN_CONSTANT_CONVERSION = YES;
				CLANG_WARN_DEPRECATED_OBJC_IMPLEMENTATIONS = YES;
				CLANG_WARN_DIRECT_OBJC_ISA_USAGE = YES_ERROR;
				CLANG_WARN_DOCUMENTATION_COMMENTS = YES;
				CLANG_WARN_EMPTY_BODY = YES;
				CLANG_WARN_ENUM_CONVERSION = YES;
				CLANG_WARN_INFINITE_RECURSION = YES;
				CLANG_WARN_INT_CONVERSION = YES;
				CLANG_WARN_NON_LITERAL_NULL_CONVERSION = YES;
				CLANG_WARN_OBJC_IMPLICIT_RETAIN_SELF = YES;
				CLANG_WARN_OBJC_LITERAL_CONVERSION = YES;
				CLANG_WARN_OBJC_ROOT_CLASS = YES_ERROR;
				CLANG_WARN_RANGE_LOOP_ANALYSIS = YES;
				CLANG_WARN_STRICT_PROTOTYPES = YES;
				CLANG_WARN_SUSPICIOUS_MOVE = YES;
				CLANG_WARN_UNGUARDED_AVAILABILITY = YES_AGGRESSIVE;
				CLANG_WARN_UNREACHABLE_CODE = YES;
				CLANG_WARN__DUPLICATE_METHOD_MATCH = YES;
				CODE_SIGN_IDENTITY = "-";
				COPY_PHASE_STRIP = NO;
				DEBUG_INFORMATION_FORMAT = dwarf;
				ENABLE_STRICT_OBJC_MSGSEND = YES;
				ENABLE_TESTABILITY = YES;
				GCC_C_LANGUAGE_STANDARD = gnu11;
				GCC_DYNAMIC_NO_PIC = NO;
				GCC_NO_COMMON_BLOCKS = YES;
				GCC_OPTIMIZATION_LEVEL = 0;
				GCC_PREPROCESSOR_DEFINITIONS = (
					"DEBUG=1",
					"$(inherited)",
				);
				GCC_WARN_64_TO_32_BIT_CONVERSION = YES;
				GCC_WARN_ABOUT_RETURN_TYPE = YES_ERROR;
				GCC_WARN_UNDECLARED_SELECTOR = YES;
				GCC_WARN_UNINITIALIZED_AUTOS = YES_AGGRESSIVE;
				GCC_WARN_UNUSED_FUNCTION = YES;
				GCC_WARN_UNUSED_VARIABLE = YES;
				MACOSX_DEPLOYMENT_TARGET = 10.14;
				MTL_ENABLE_DEBUG_INFO = INCLUDE_SOURCE;
				MTL_FAST_MATH = YES;
				ONLY_ACTIVE_ARCH = YES;
				SDKROOT = macosx;
				SWIFT_ACTIVE_COMPILATION_CONDITIONS = DEBUG;
				SWIFT_OPTIMIZATION_LEVEL = "-Onone";
			};
			name = Debug;
		};
		EAE4C99521D01622009C200A /* Release */ = {
			isa = XCBuildConfiguration;
			buildSettings = {
				ALWAYS_SEARCH_USER_PATHS = NO;
				CLANG_ANALYZER_NONNULL = YES;
				CLANG_ANALYZER_NUMBER_OBJECT_CONVERSION = YES_AGGRESSIVE;
				CLANG_CXX_LANGUAGE_STANDARD = "gnu++14";
				CLANG_CXX_LIBRARY = "libc++";
				CLANG_ENABLE_MODULES = YES;
				CLANG_ENABLE_OBJC_ARC = YES;
				CLANG_ENABLE_OBJC_WEAK = YES;
				CLANG_WARN_BLOCK_CAPTURE_AUTORELEASING = YES;
				CLANG_WARN_BOOL_CONVERSION = YES;
				CLANG_WARN_COMMA = YES;
				CLANG_WARN_CONSTANT_CONVERSION = YES;
				CLANG_WARN_DEPRECATED_OBJC_IMPLEMENTATIONS = YES;
				CLANG_WARN_DIRECT_OBJC_ISA_USAGE = YES_ERROR;
				CLANG_WARN_DOCUMENTATION_COMMENTS = YES;
				CLANG_WARN_EMPTY_BODY = YES;
				CLANG_WARN_ENUM_CONVERSION = YES;
				CLANG_WARN_INFINITE_RECURSION = YES;
				CLANG_WARN_INT_CONVERSION = YES;
				CLANG_WARN_NON_LITERAL_NULL_CONVERSION = YES;
				CLANG_WARN_OBJC_IMPLICIT_RETAIN_SELF = YES;
				CLANG_WARN_OBJC_LITERAL_CONVERSION = YES;
				CLANG_WARN_OBJC_ROOT_CLASS = YES_ERROR;
				CLANG_WARN_RANGE_LOOP_ANALYSIS = YES;
				CLANG_WARN_STRICT_PROTOTYPES = YES;
				CLANG_WARN_SUSPICIOUS_MOVE = YES;
				CLANG_WARN_UNGUARDED_AVAILABILITY = YES_AGGRESSIVE;
				CLANG_WARN_UNREACHABLE_CODE = YES;
				CLANG_WARN__DUPLICATE_METHOD_MATCH = YES;
				CODE_SIGN_IDENTITY = "-";
				COPY_PHASE_STRIP = NO;
				DEBUG_INFORMATION_FORMAT = "dwarf-with-dsym";
				ENABLE_NS_ASSERTIONS = NO;
				ENABLE_STRICT_OBJC_MSGSEND = YES;
				GCC_C_LANGUAGE_STANDARD = gnu11;
				GCC_NO_COMMON_BLOCKS = YES;
				GCC_WARN_64_TO_32_BIT_CONVERSION = YES;
				GCC_WARN_ABOUT_RETURN_TYPE = YES_ERROR;
				GCC_WARN_UNDECLARED_SELECTOR = YES;
				GCC_WARN_UNINITIALIZED_AUTOS = YES_AGGRESSIVE;
				GCC_WARN_UNUSED_FUNCTION = YES;
				GCC_WARN_UNUSED_VARIABLE = YES;
				MACOSX_DEPLOYMENT_TARGET = 10.14;
				MTL_ENABLE_DEBUG_INFO = NO;
				MTL_FAST_MATH = YES;
				SDKROOT = macosx;
				SWIFT_COMPILATION_MODE = wholemodule;
				SWIFT_OPTIMIZATION_LEVEL = "-O";
			};
			name = Release;
		};
		EAE4C99721D01622009C200A /* Debug */ = {
			isa = XCBuildConfiguration;
			buildSettings = {
				ASSETCATALOG_COMPILER_APPICON_NAME = AppIcon;
				CODE_SIGN_ENTITLEMENTS = SmoothQ/SmoothQ.entitlements;
				CODE_SIGN_IDENTITY = "Mac Developer";
				CODE_SIGN_STYLE = Automatic;
				COMBINE_HIDPI_IMAGES = YES;
				DEVELOPMENT_TEAM = YZKN7GBSG3;
				INFOPLIST_FILE = SmoothQ/Info.plist;
				LD_RUNPATH_SEARCH_PATHS = (
					"$(inherited)",
					"@executable_path/../Frameworks",
				);
				PRODUCT_BUNDLE_IDENTIFIER = "apps-entertainment.mac.SmoothQ";
				PRODUCT_NAME = "$(TARGET_NAME)";
				PROVISIONING_PROFILE_SPECIFIER = "";
				SWIFT_VERSION = 4.2;
			};
			name = Debug;
		};
		EAE4C99821D01622009C200A /* Release */ = {
			isa = XCBuildConfiguration;
			buildSettings = {
				ASSETCATALOG_COMPILER_APPICON_NAME = AppIcon;
				CODE_SIGN_ENTITLEMENTS = SmoothQ/SmoothQ.entitlements;
				CODE_SIGN_IDENTITY = "Mac Developer";
				CODE_SIGN_STYLE = Automatic;
				COMBINE_HIDPI_IMAGES = YES;
				DEVELOPMENT_TEAM = YZKN7GBSG3;
				INFOPLIST_FILE = SmoothQ/Info.plist;
				LD_RUNPATH_SEARCH_PATHS = (
					"$(inherited)",
					"@executable_path/../Frameworks",
				);
				PRODUCT_BUNDLE_IDENTIFIER = "apps-entertainment.mac.SmoothQ";
				PRODUCT_NAME = "$(TARGET_NAME)";
				PROVISIONING_PROFILE_SPECIFIER = "";
				SWIFT_VERSION = 4.2;
			};
			name = Release;
		};
/* End XCBuildConfiguration section */

/* Begin XCConfigurationList section */
		EAE4C98121D0161B009C200A /* Build configuration list for PBXProject "SmoothQ" */ = {
			isa = XCConfigurationList;
			buildConfigurations = (
				EAE4C99421D01622009C200A /* Debug */,
				EAE4C99521D01622009C200A /* Release */,
			);
			defaultConfigurationIsVisible = 0;
			defaultConfigurationName = Release;
		};
		EAE4C99621D01622009C200A /* Build configuration list for PBXNativeTarget "SmoothQ" */ = {
			isa = XCConfigurationList;
			buildConfigurations = (
				EAE4C99721D01622009C200A /* Debug */,
				EAE4C99821D01622009C200A /* Release */,
			);
			defaultConfigurationIsVisible = 0;
			defaultConfigurationName = Release;
		};
/* End XCConfigurationList section */
	};
	rootObject = EAE4C97E21D0161B009C200A /* Project object */;
}
